
Microsoft Visual Studio Solution File, Format Version 12.00
# Visual Studio Version 16
VisualStudioVersion = 16.0.31624.102
MinimumVisualStudioVersion = 10.0.40219.1
Project("{9A19103F-16F7-4668-BE54-9A1E7A4F7556}") = "AutomaticTelephoneStation", "AutomaticTelephoneStation\AutomaticTelephoneStation.csproj", "{D61A7ED3-0826-4AF0-AF45-E4176454D915}"
EndProject
Project("{9A19103F-16F7-4668-BE54-9A1E7A4F7556}") = "AutomaticTelephoneStationTests", "AutomaticTelephoneStationTests\AutomaticTelephoneStationTests.csproj", "{9BAA6891-109C-4DCB-9045-2482E5F9C0D5}"
EndProject
Global
	GlobalSection(SolutionConfigurationPlatforms) = preSolution
		Debug|Any CPU = Debug|Any CPU
		Release|Any CPU = Release|Any CPU
	EndGlobalSection
	GlobalSection(ProjectConfigurationPlatforms) = postSolution
		{D61A7ED3-0826-4AF0-AF45-E4176454D915}.Debug|Any CPU.ActiveCfg = Debug|Any CPU
		{D61A7ED3-0826-4AF0-AF45-E4176454D915}.Debug|Any CPU.Build.0 = Debug|Any CPU
		{D61A7ED3-0826-4AF0-AF45-E4176454D915}.Release|Any CPU.ActiveCfg = Release|Any CPU
		{D61A7ED3-0826-4AF0-AF45-E4176454D915}.Release|Any CPU.Build.0 = Release|Any CPU
		{9BAA6891-109C-4DCB-9045-2482E5F9C0D5}.Debug|Any CPU.ActiveCfg = Debug|Any CPU
		{9BAA6891-109C-4DCB-9045-2482E5F9C0D5}.Debug|Any CPU.Build.0 = Debug|Any CPU
		{9BAA6891-109C-4DCB-9045-2482E5F9C0D5}.Release|Any CPU.ActiveCfg = Release|Any CPU
		{9BAA6891-109C-4DCB-9045-2482E5F9C0D5}.Release|Any CPU.Build.0 = Release|Any CPU
	EndGlobalSection
	GlobalSection(SolutionProperties) = preSolution
		HideSolutionNode = FALSE
	EndGlobalSection
	GlobalSection(ExtensibilityGlobals) = postSolution
		SolutionGuid = {E16C7E23-D18D-4871-9250-47AC61A19890}
	EndGlobalSection
EndGlobal
